[[package]]
name = "backtrace"
version = "0.3.9"
source = "registry+https://github.com/rust-lang/crates.io-index"
dependencies = [
 "backtrace-sys 0.1.24 (registry+https://github.com/rust-lang/crates.io-index)",
 "cfg-if 0.1.5 (registry+https://github.com/rust-lang/crates.io-index)",
 "libc 0.2.43 (registry+https://github.com/rust-lang/crates.io-index)",
 "rustc-demangle 0.1.9 (registry+https://github.com/rust-lang/crates.io-index)",
 "winapi 0.3.5 (registry+https://github.com/rust-lang/crates.io-index)",
]

[[package]]
name = "backtrace-sys"
version = "0.1.24"
source = "registry+https://github.com/rust-lang/crates.io-index"
dependencies = [
 "cc 1.0.22 (registry+https://github.com/rust-lang/crates.io-index)",
 "libc 0.2.43 (registry+https://github.com/rust-lang/crates.io-index)",
]

[[package]]
name = "bit-set"
version = "0.4.0"
source = "registry+https://github.com/rust-lang/crates.io-index"
dependencies = [
 "bit-vec 0.4.4 (registry+https://github.com/rust-lang/crates.io-index)",
]

[[package]]
name = "bit-vec"
version = "0.4.4"
source = "registry+https://github.com/rust-lang/crates.io-index"

[[package]]
name = "bitflags"
version = "1.0.4"
source = "registry+https://github.com/rust-lang/crates.io-index"

[[package]]
name = "cc"
version = "1.0.22"
source = "registry+https://github.com/rust-lang/crates.io-index"

[[package]]
name = "cfg-if"
version = "0.1.5"
source = "registry+https://github.com/rust-lang/crates.io-index"

[[package]]
name = "cmake"
version = "0.1.33"
source = "registry+https://github.com/rust-lang/crates.io-index"
dependencies = [
 "cc 1.0.22 (registry+https://github.com/rust-lang/crates.io-index)",
]

[[package]]
name = "equation"
version = "0.1.0"
dependencies = [
 "iui 0.3.0 (registry+https://github.com/rust-lang/crates.io-index)",
 "pancurses 0.16.0 (registry+https://github.com/rust-lang/crates.io-index)",
 "plex 0.2.3 (registry+https://github.com/rust-lang/crates.io-index)",
]

[[package]]
name = "failure"
version = "0.1.2"
source = "registry+https://github.com/rust-lang/crates.io-index"
dependencies = [
 "backtrace 0.3.9 (registry+https://github.com/rust-lang/crates.io-index)",
 "failure_derive 0.1.2 (registry+https://github.com/rust-lang/crates.io-index)",
]

[[package]]
name = "failure_derive"
version = "0.1.2"
source = "registry+https://github.com/rust-lang/crates.io-index"
dependencies = [
 "proc-macro2 0.4.13 (registry+https://github.com/rust-lang/crates.io-index)",
 "quote 0.6.8 (registry+https://github.com/rust-lang/crates.io-index)",
 "syn 0.14.9 (registry+https://github.com/rust-lang/crates.io-index)",
 "synstructure 0.9.0 (registry+https://github.com/rust-lang/crates.io-index)",
]

[[package]]
name = "iui"
version = "0.3.0"
source = "registry+https://github.com/rust-lang/crates.io-index"
dependencies = [
 "bitflags 1.0.4 (registry+https://github.com/rust-lang/crates.io-index)",
 "failure 0.1.2 (registry+https://github.com/rust-lang/crates.io-index)",
 "libc 0.2.43 (registry+https://github.com/rust-lang/crates.io-index)",
 "ui-sys 0.1.3 (registry+https://github.com/rust-lang/crates.io-index)",
]

[[package]]
name = "lalr"
version = "0.0.2"
source = "registry+https://github.com/rust-lang/crates.io-index"

[[package]]
name = "libc"
version = "0.2.43"
source = "registry+https://github.com/rust-lang/crates.io-index"

[[package]]
name = "log"
version = "0.4.4"
source = "registry+https://github.com/rust-lang/crates.io-index"
dependencies = [
 "cfg-if 0.1.5 (registry+https://github.com/rust-lang/crates.io-index)",
]

[[package]]
name = "ncurses"
version = "5.94.0"
source = "registry+https://github.com/rust-lang/crates.io-index"
dependencies = [
 "cc 1.0.22 (registry+https://github.com/rust-lang/crates.io-index)",
 "libc 0.2.43 (registry+https://github.com/rust-lang/crates.io-index)",
 "pkg-config 0.3.13 (registry+https://github.com/rust-lang/crates.io-index)",
]

[[package]]
name = "pancurses"
version = "0.16.0"
source = "registry+https://github.com/rust-lang/crates.io-index"
dependencies = [
 "libc 0.2.43 (registry+https://github.com/rust-lang/crates.io-index)",
 "log 0.4.4 (registry+https://github.com/rust-lang/crates.io-index)",
 "ncurses 5.94.0 (registry+https://github.com/rust-lang/crates.io-index)",
 "pdcurses-sys 0.7.0 (registry+https://github.com/rust-lang/crates.io-index)",
 "winreg 0.5.1 (registry+https://github.com/rust-lang/crates.io-index)",
]

[[package]]
name = "pdcurses-sys"
version = "0.7.0"
source = "registry+https://github.com/rust-lang/crates.io-index"
dependencies = [
 "cc 1.0.22 (registry+https://github.com/rust-lang/crates.io-index)",
 "libc 0.2.43 (registry+https://github.com/rust-lang/crates.io-index)",
]

[[package]]
name = "pkg-config"
version = "0.3.13"
source = "registry+https://github.com/rust-lang/crates.io-index"

[[package]]
name = "plex"
version = "0.2.3"
source = "registry+https://github.com/rust-lang/crates.io-index"
dependencies = [
 "lalr 0.0.2 (registry+https://github.com/rust-lang/crates.io-index)",
 "proc-macro2 0.4.13 (registry+https://github.com/rust-lang/crates.io-index)",
 "quote 0.6.8 (registry+https://github.com/rust-lang/crates.io-index)",
 "redfa 0.0.2 (registry+https://github.com/rust-lang/crates.io-index)",
 "syn 0.14.9 (registry+https://github.com/rust-lang/crates.io-index)",
]

[[package]]
name = "proc-macro2"
version = "0.4.13"
source = "registry+https://github.com/rust-lang/crates.io-index"
dependencies = [
 "unicode-xid 0.1.0 (registry+https://github.com/rust-lang/crates.io-index)",
]

[[package]]
name = "quote"
version = "0.6.8"
source = "registry+https://github.com/rust-lang/crates.io-index"
dependencies = [
 "proc-macro2 0.4.13 (registry+https://github.com/rust-lang/crates.io-index)",
]

[[package]]
name = "redfa"
version = "0.0.2"
source = "registry+https://github.com/rust-lang/crates.io-index"
dependencies = [
 "bit-set 0.4.0 (registry+https://github.com/rust-lang/crates.io-index)",
 "vec_map 0.6.0 (registry+https://github.com/rust-lang/crates.io-index)",
]

[[package]]
name = "rustc-demangle"
version = "0.1.9"
source = "registry+https://github.com/rust-lang/crates.io-index"

[[package]]
name = "syn"
version = "0.14.9"
source = "registry+https://github.com/rust-lang/crates.io-index"
dependencies = [
 "proc-macro2 0.4.13 (registry+https://github.com/rust-lang/crates.io-index)",
 "quote 0.6.8 (registry+https://github.com/rust-lang/crates.io-index)",
 "unicode-xid 0.1.0 (registry+https://github.com/rust-lang/crates.io-index)",
]

[[package]]
name = "synstructure"
version = "0.9.0"
source = "registry+https://github.com/rust-lang/crates.io-index"
dependencies = [
 "proc-macro2 0.4.13 (registry+https://github.com/rust-lang/crates.io-index)",
 "quote 0.6.8 (registry+https://github.com/rust-lang/crates.io-index)",
 "syn 0.14.9 (registry+https://github.com/rust-lang/crates.io-index)",
 "unicode-xid 0.1.0 (registry+https://github.com/rust-lang/crates.io-index)",
]

[[package]]
name = "ui-sys"
version = "0.1.3"
source = "registry+https://github.com/rust-lang/crates.io-index"
dependencies = [
 "cmake 0.1.33 (registry+https://github.com/rust-lang/crates.io-index)",
 "libc 0.2.43 (registry+https://github.com/rust-lang/crates.io-index)",
]

[[package]]
name = "unicode-xid"
version = "0.1.0"
source = "registry+https://github.com/rust-lang/crates.io-index"

[[package]]
name = "vec_map"
version = "0.6.0"
source = "registry+https://github.com/rust-lang/crates.io-index"

[[package]]
name = "winapi"
version = "0.3.5"
source = "registry+https://github.com/rust-lang/crates.io-index"
dependencies = [
 "winapi-i686-pc-windows-gnu 0.4.0 (registry+https://github.com/rust-lang/crates.io-index)",
 "winapi-x86_64-pc-windows-gnu 0.4.0 (registry+https://github.com/rust-lang/crates.io-index)",
]

[[package]]
name = "winapi-i686-pc-windows-gnu"
version = "0.4.0"
source = "registry+https://github.com/rust-lang/crates.io-index"

[[package]]
name = "winapi-x86_64-pc-windows-gnu"
version = "0.4.0"
source = "registry+https://github.com/rust-lang/crates.io-index"

[[package]]
name = "winreg"
version = "0.5.1"
source = "registry+https://github.com/rust-lang/crates.io-index"
dependencies = [
 "winapi 0.3.5 (registry+https://github.com/rust-lang/crates.io-index)",
]

[metadata]
"checksum backtrace 0.3.9 (registry+https://github.com/rust-lang/crates.io-index)" = "89a47830402e9981c5c41223151efcced65a0510c13097c769cede7efb34782a"
"checksum backtrace-sys 0.1.24 (registry+https://github.com/rust-lang/crates.io-index)" = "c66d56ac8dabd07f6aacdaf633f4b8262f5b3601a810a0dcddffd5c22c69daa0"
"checksum bit-set 0.4.0 (registry+https://github.com/rust-lang/crates.io-index)" = "d9bf6104718e80d7b26a68fdbacff3481cfc05df670821affc7e9cbc1884400c"
"checksum bit-vec 0.4.4 (registry+https://github.com/rust-lang/crates.io-index)" = "02b4ff8b16e6076c3e14220b39fbc1fabb6737522281a388998046859400895f"
"checksum bitflags 1.0.4 (registry+https://github.com/rust-lang/crates.io-index)" = "228047a76f468627ca71776ecdebd732a3423081fcf5125585bcd7c49886ce12"
"checksum cc 1.0.22 (registry+https://github.com/rust-lang/crates.io-index)" = "4a6007c146fdd28d4512a794b07ffe9d8e89e6bf86e2e0c4ddff2e1fb54a0007"
"checksum cfg-if 0.1.5 (registry+https://github.com/rust-lang/crates.io-index)" = "0c4e7bb64a8ebb0d856483e1e682ea3422f883c5f5615a90d51a2c82fe87fdd3"
"checksum cmake 0.1.33 (registry+https://github.com/rust-lang/crates.io-index)" = "704fbf3bb5149daab0afb255dbea24a1f08d2f4099cedb9baab6d470d4c5eefb"
"checksum failure 0.1.2 (registry+https://github.com/rust-lang/crates.io-index)" = "7efb22686e4a466b1ec1a15c2898f91fa9cb340452496dca654032de20ff95b9"
"checksum failure_derive 0.1.2 (registry+https://github.com/rust-lang/crates.io-index)" = "946d0e98a50d9831f5d589038d2ca7f8f455b1c21028c0db0e84116a12696426"
"checksum iui 0.3.0 (registry+https://github.com/rust-lang/crates.io-index)" = "1cdf33ae466c3e1000785d8e4933d92faa3b6c22424981f635532328dda51f57"
"checksum lalr 0.0.2 (registry+https://github.com/rust-lang/crates.io-index)" = "106d7548f95adbe3019b4fc4954554d7b72535867aa9ce326d2f766b68958de7"
"checksum libc 0.2.43 (registry+https://github.com/rust-lang/crates.io-index)" = "76e3a3ef172f1a0b9a9ff0dd1491ae5e6c948b94479a3021819ba7d860c8645d"
"checksum log 0.4.4 (registry+https://github.com/rust-lang/crates.io-index)" = "cba860f648db8e6f269df990180c2217f333472b4a6e901e97446858487971e2"
"checksum ncurses 5.94.0 (registry+https://github.com/rust-lang/crates.io-index)" = "4a02f0da600c09fa2e5fd6479093ba8a4b21f4ed5bed3b6ddc26583b50d31319"
"checksum pancurses 0.16.0 (registry+https://github.com/rust-lang/crates.io-index)" = "cedc1409ecbb0a789f39e2a90ae052df6670c1e1c17724587e1872e6ec270e56"
"checksum pdcurses-sys 0.7.0 (registry+https://github.com/rust-lang/crates.io-index)" = "90e12bfe55b7080fdfa0742f7a22ce7d5d1da250ca064ae6b81c843a2084fa2a"
"checksum pkg-config 0.3.13 (registry+https://github.com/rust-lang/crates.io-index)" = "104630aa1c83213cbc76db0703630fcb0421dac3585063be4ce9a8a2feeaa745"
"checksum plex 0.2.3 (registry+https://github.com/rust-lang/crates.io-index)" = "59d79bd74b3d0be2619e58217e8b2b96372e3feca8426e5c560623205d70c146"
"checksum proc-macro2 0.4.13 (registry+https://github.com/rust-lang/crates.io-index)" = "ee5697238f0d893c7f0ecc59c0999f18d2af85e424de441178bcacc9f9e6cf67"
"checksum quote 0.6.8 (registry+https://github.com/rust-lang/crates.io-index)" = "dd636425967c33af890042c483632d33fa7a18f19ad1d7ea72e8998c6ef8dea5"
"checksum redfa 0.0.2 (registry+https://github.com/rust-lang/crates.io-index)" = "29cc2771cc9f5fb0061cdedc05a37170254694dffec6b89920a6e767f08c4220"
"checksum rustc-demangle 0.1.9 (registry+https://github.com/rust-lang/crates.io-index)" = "bcfe5b13211b4d78e5c2cadfebd7769197d95c639c35a50057eb4c05de811395"
"checksum syn 0.14.9 (registry+https://github.com/rust-lang/crates.io-index)" = "261ae9ecaa397c42b960649561949d69311f08eeaea86a65696e6e46517cf741"
"checksum synstructure 0.9.0 (registry+https://github.com/rust-lang/crates.io-index)" = "85bb9b7550d063ea184027c9b8c20ac167cd36d3e06b3a40bceb9d746dc1a7b7"
"checksum ui-sys 0.1.3 (registry+https://github.com/rust-lang/crates.io-index)" = "7ef1f42346ee906ff988cf69b21847893598f841d632ca708b7831ad9b37c7f5"
"checksum unicode-xid 0.1.0 (registry+https://github.com/rust-lang/crates.io-index)" = "fc72304796d0818e357ead4e000d19c9c174ab23dc11093ac919054d20a6a7fc"
"checksum vec_map 0.6.0 (registry+https://github.com/rust-lang/crates.io-index)" = "cac5efe5cb0fa14ec2f84f83c701c562ee63f6dcc680861b21d65c682adfb05f"
"checksum winapi 0.3.5 (registry+https://github.com/rust-lang/crates.io-index)" = "773ef9dcc5f24b7d850d0ff101e542ff24c3b090a9768e03ff889fdef41f00fd"
"checksum winapi-i686-pc-windows-gnu 0.4.0 (registry+https://github.com/rust-lang/crates.io-index)" = "ac3b87c63620426dd9b991e5ce0329eff545bccbbb34f3be09ff6fb6ab51b7b6"
"checksum winapi-x86_64-pc-windows-gnu 0.4.0 (registry+https://github.com/rust-lang/crates.io-index)" = "712e227841d057c1ee1cd2fb22fa7e5a5461ae8e48fa2ca79ec42cfc1931183f"
"checksum winreg 0.5.1 (registry+https://github.com/rust-lang/crates.io-index)" = "a27a759395c1195c4cc5cda607ef6f8f6498f64e78f7900f5de0a127a424704a"
